
Microsoft Visual Studio Solution File, Format Version 12.00
# Visual Studio 15
VisualStudioVersion = 15.0.28307.539
MinimumVisualStudioVersion = 10.0.40219.1
Project("{FAE04EC0-301F-11D3-BF4B-00C04F79EFBC}") = "MoVenture", "MoVenture\MoVenture\MoVenture.csproj", "{50D64303-5B05-41DB-87D3-6290BB682E79}"
EndProject
Project("{FAE04EC0-301F-11D3-BF4B-00C04F79EFBC}") = "MoVenture.Android", "MoVenture\MoVenture.Android\MoVenture.Android.csproj", "{086EE64B-FFAA-495F-8655-1257E68EF004}"
EndProject
Project("{FAE04EC0-301F-11D3-BF4B-00C04F79EFBC}") = "MoVenture.iOS", "MoVenture\MoVenture.iOS\MoVenture.iOS.csproj", "{98D02C6B-3C04-492E-8658-CCB7CB3E971C}"
EndProject
Global
	GlobalSection(SolutionConfigurationPlatforms) = preSolution
		Debug|Any CPU = Debug|Any CPU
		Debug|iPhone = Debug|iPhone
		Debug|iPhoneSimulator = Debug|iPhoneSimulator
		Release|Any CPU = Release|Any CPU
		Release|iPhone = Release|iPhone
		Release|iPhoneSimulator = Release|iPhoneSimulator
	EndGlobalSection
	GlobalSection(ProjectConfigurationPlatforms) = postSolution
		{50D64303-5B05-41DB-87D3-6290BB682E79}.Debug|Any CPU.ActiveCfg = Debug|Any CPU
		{50D64303-5B05-41DB-87D3-6290BB682E79}.Debug|Any CPU.Build.0 = Debug|Any CPU
		{50D64303-5B05-41DB-87D3-6290BB682E79}.Debug|iPhone.ActiveCfg = Debug|Any CPU
		{50D64303-5B05-41DB-87D3-6290BB682E79}.Debug|iPhone.Build.0 = Debug|Any CPU
		{50D64303-5B05-41DB-87D3-6290BB682E79}.Debug|iPhoneSimulator.ActiveCfg = Debug|Any CPU
		{50D64303-5B05-41DB-87D3-6290BB682E79}.Debug|iPhoneSimulator.Build.0 = Debug|Any CPU
		{50D64303-5B05-41DB-87D3-6290BB682E79}.Release|Any CPU.ActiveCfg = Release|Any CPU
		{50D64303-5B05-41DB-87D3-6290BB682E79}.Release|Any CPU.Build.0 = Release|Any CPU
		{50D64303-5B05-41DB-87D3-6290BB682E79}.Release|iPhone.ActiveCfg = Release|Any CPU
		{50D64303-5B05-41DB-87D3-6290BB682E79}.Release|iPhone.Build.0 = Release|Any CPU
		{50D64303-5B05-41DB-87D3-6290BB682E79}.Release|iPhoneSimulator.ActiveCfg = Release|Any CPU
		{50D64303-5B05-41DB-87D3-6290BB682E79}.Release|iPhoneSimulator.Build.0 = Release|Any CPU
		{086EE64B-FFAA-495F-8655-1257E68EF004}.Debug|Any CPU.ActiveCfg = Debug|Any CPU
		{086EE64B-FFAA-495F-8655-1257E68EF004}.Debug|Any CPU.Build.0 = Debug|Any CPU
		{086EE64B-FFAA-495F-8655-1257E68EF004}.Debug|Any CPU.Deploy.0 = Debug|Any CPU
		{086EE64B-FFAA-495F-8655-1257E68EF004}.Debug|iPhone.ActiveCfg = Debug|Any CPU
		{086EE64B-FFAA-495F-8655-1257E68EF004}.Debug|iPhone.Build.0 = Debug|Any CPU
		{086EE64B-FFAA-495F-8655-1257E68EF004}.Debug|iPhone.Deploy.0 = Debug|Any CPU
		{086EE64B-FFAA-495F-8655-1257E68EF004}.Debug|iPhoneSimulator.ActiveCfg = Debug|Any CPU
		{086EE64B-FFAA-495F-8655-1257E68EF004}.Debug|iPhoneSimulator.Build.0 = Debug|Any CPU
		{086EE64B-FFAA-495F-8655-1257E68EF004}.Debug|iPhoneSimulator.Deploy.0 = Debug|Any CPU
		{086EE64B-FFAA-495F-8655-1257E68EF004}.Release|Any CPU.ActiveCfg = Release|Any CPU
		{086EE64B-FFAA-495F-8655-1257E68EF004}.Release|Any CPU.Build.0 = Release|Any CPU
		{086EE64B-FFAA-495F-8655-1257E68EF004}.Release|Any CPU.Deploy.0 = Release|Any CPU
		{086EE64B-FFAA-495F-8655-1257E68EF004}.Release|iPhone.ActiveCfg = Release|Any CPU
		{086EE64B-FFAA-495F-8655-1257E68EF004}.Release|iPhone.Build.0 = Release|Any CPU
		{086EE64B-FFAA-495F-8655-1257E68EF004}.Release|iPhone.Deploy.0 = Release|Any CPU
		{086EE64B-FFAA-495F-8655-1257E68EF004}.Release|iPhoneSimulator.ActiveCfg = Release|Any CPU
		{086EE64B-FFAA-495F-8655-1257E68EF004}.Release|iPhoneSimulator.Build.0 = Release|Any CPU
		{086EE64B-FFAA-495F-8655-1257E68EF004}.Release|iPhoneSimulator.Deploy.0 = Release|Any CPU
		{98D02C6B-3C04-492E-8658-CCB7CB3E971C}.Debug|Any CPU.ActiveCfg = Debug|iPhone
		{98D02C6B-3C04-492E-8658-CCB7CB3E971C}.Debug|iPhone.ActiveCfg = Debug|iPhone
		{98D02C6B-3C04-492E-8658-CCB7CB3E971C}.Debug|iPhone.Build.0 = Debug|iPhone
		{98D02C6B-3C04-492E-8658-CCB7CB3E971C}.Debug|iPhoneSimulator.ActiveCfg = Debug|iPhoneSimulator
		{98D02C6B-3C04-492E-8658-CCB7CB3E971C}.Debug|iPhoneSimulator.Build.0 = Debug|iPhoneSimulator
		{98D02C6B-3C04-492E-8658-CCB7CB3E971C}.Release|Any CPU.ActiveCfg = Release|iPhone
		{98D02C6B-3C04-492E-8658-CCB7CB3E971C}.Release|iPhone.ActiveCfg = Release|iPhone
		{98D02C6B-3C04-492E-8658-CCB7CB3E971C}.Release|iPhone.Build.0 = Release|iPhone
		{98D02C6B-3C04-492E-8658-CCB7CB3E971C}.Release|iPhoneSimulator.ActiveCfg = Release|iPhoneSimulator
		{98D02C6B-3C04-492E-8658-CCB7CB3E971C}.Release|iPhoneSimulator.Build.0 = Release|iPhoneSimulator
	EndGlobalSection
	GlobalSection(SolutionProperties) = preSolution
		HideSolutionNode = FALSE
	EndGlobalSection
	GlobalSection(ExtensibilityGlobals) = postSolution
		SolutionGuid = {88A755D7-F6CC-4380-8FF9-35D150AB55A0}
	EndGlobalSection
EndGlobal
